
Microsoft Visual Studio Solution File, Format Version 12.00
# Visual Studio Version 17
VisualStudioVersion = 17.6.33815.320
MinimumVisualStudioVersion = 10.0.40219.1
Project("{FAE04EC0-301F-11D3-BF4B-00C04F79EFBC}") = "asign4", "asign4.csproj", "{041018B4-4E2E-4BD5-AC47-C18B45C67651}"
EndProject
Global
	GlobalSection(SolutionConfigurationPlatforms) = preSolution
		Debug|Any CPU = Debug|Any CPU
		Release|Any CPU = Release|Any CPU
	EndGlobalSection
	GlobalSection(ProjectConfigurationPlatforms) = postSolution
		{041018B4-4E2E-4BD5-AC47-C18B45C67651}.Debug|Any CPU.ActiveCfg = Debug|Any CPU
		{041018B4-4E2E-4BD5-AC47-C18B45C67651}.Debug|Any CPU.Build.0 = Debug|Any CPU
		{041018B4-4E2E-4BD5-AC47-C18B45C67651}.Release|Any CPU.ActiveCfg = Release|Any CPU
		{041018B4-4E2E-4BD5-AC47-C18B45C67651}.Release|Any CPU.Build.0 = Release|Any CPU
	EndGlobalSection
	GlobalSection(SolutionProperties) = preSolution
		HideSolutionNode = FALSE
	EndGlobalSection
	GlobalSection(ExtensibilityGlobals) = postSolution
		SolutionGuid = {E16DE7E1-4085-431E-824E-C5D84716E8CE}
	EndGlobalSection
EndGlobal
